{
  "name": "@opentelemetry/contrib-test-utils",
  "version": "0.34.2",
  "lockfileVersion": 3,
  "requires": true,
  "packages": {
    "": {
      "name": "@opentelemetry/contrib-test-utils",
      "version": "0.34.2",
      "license": "Apache-2.0",
      "dependencies": {
        "@opentelemetry/core": "^1.0.0",
        "@opentelemetry/exporter-jaeger": "^1.3.1",
        "@opentelemetry/instrumentation": "^0.44.0",
        "@opentelemetry/resources": "^1.8.0",
        "@opentelemetry/sdk-trace-base": "^1.8.0",
        "@opentelemetry/sdk-trace-node": "^1.8.0",
        "@opentelemetry/semantic-conventions": "^1.0.0"
      },
      "devDependencies": {
        "@opentelemetry/api": "^1.3.0",
        "@types/node": "18.6.5",
        "typescript": "4.4.4"
      },
      "engines": {
        "node": ">=14"
      },
      "peerDependencies": {
        "@opentelemetry/api": "^1.3.0"
      }
    },
    "node_modules/@opentelemetry/api": {
      "version": "1.6.0",
      "resolved": "https://registry.npmjs.org/@opentelemetry/api/-/api-1.6.0.tgz",
      "integrity": "sha512-OWlrQAnWn9577PhVgqjUvMr1pg57Bc4jv0iL4w0PRuOSRvq67rvHW9Ie/dZVMvCzhSCB+UxhcY/PmCmFj33Q+g==",
      "engines": {
        "node": ">=8.0.0"
      }
    },
    "node_modules/@opentelemetry/context-async-hooks": {
      "version": "1.17.1",
      "resolved": "https://registry.npmjs.org/@opentelemetry/context-async-hooks/-/context-async-hooks-1.17.1.tgz",
      "integrity": "sha512-up5I+RiQEkGrVEHtbAtmRgS+ZOnFh3shaDNHqZPBlGy+O92auL6yMmjzYpSKmJOGWowvs3fhVHePa8Exb5iHUg==",
      "engines": {
        "node": ">=14"
      },
      "peerDependencies": {
        "@opentelemetry/api": ">=1.0.0 <1.7.0"
      }
    },
    "node_modules/@opentelemetry/core": {
      "version": "1.17.1",
      "resolved": "https://registry.npmjs.org/@opentelemetry/core/-/core-1.17.1.tgz",
      "integrity": "sha512-I6LrZvl1FF97FQXPR0iieWQmKnGxYtMbWA1GrAXnLUR+B1Hn2m8KqQNEIlZAucyv00GBgpWkpllmULmZfG8P3g==",
      "dependencies": {
        "@opentelemetry/semantic-conventions": "1.17.1"
      },
      "engines": {
        "node": ">=14"
      },
      "peerDependencies": {
        "@opentelemetry/api": ">=1.0.0 <1.7.0"
      }
    },
    "node_modules/@opentelemetry/exporter-jaeger": {
      "version": "1.17.1",
      "resolved": "https://registry.npmjs.org/@opentelemetry/exporter-jaeger/-/exporter-jaeger-1.17.1.tgz",
      "integrity": "sha512-NW4qm04q4bSmhU6es1AXBWt3itJ2gkrXbKLfwDleC+ZMp3bVV47stByDqhuJzic2f47Im+C733N9RMeBkyqKMQ==",
      "dependencies": {
        "@opentelemetry/core": "1.17.1",
        "@opentelemetry/sdk-trace-base": "1.17.1",
        "@opentelemetry/semantic-conventions": "1.17.1",
        "jaeger-client": "^3.15.0"
      },
      "engines": {
        "node": ">=14"
      },
      "peerDependencies": {
        "@opentelemetry/api": "^1.0.0"
      }
    },
    "node_modules/@opentelemetry/instrumentation": {
      "version": "0.44.0",
      "resolved": "https://registry.npmjs.org/@opentelemetry/instrumentation/-/instrumentation-0.44.0.tgz",
      "integrity": "sha512-B6OxJTRRCceAhhnPDBshyQO7K07/ltX3quOLu0icEvPK9QZ7r9P1y0RQX8O5DxB4vTv4URRkxkg+aFU/plNtQw==",
      "dependencies": {
        "@types/shimmer": "^1.0.2",
        "import-in-the-middle": "1.4.2",
        "require-in-the-middle": "^7.1.1",
        "semver": "^7.5.2",
        "shimmer": "^1.2.1"
      },
      "engines": {
        "node": ">=14"
      },
      "peerDependencies": {
        "@opentelemetry/api": "^1.3.0"
      }
    },
    "node_modules/@opentelemetry/propagator-b3": {
      "version": "1.17.1",
      "resolved": "https://registry.npmjs.org/@opentelemetry/propagator-b3/-/propagator-b3-1.17.1.tgz",
      "integrity": "sha512-XEbXYb81AM3ayJLlbJqITPIgKBQCuby45ZHiB9mchnmQOffh6ZJOmXONdtZAV7TWzmzwvAd28vGSUk57Aw/5ZA==",
      "dependencies": {
        "@opentelemetry/core": "1.17.1"
      },
      "engines": {
        "node": ">=14"
      },
      "peerDependencies": {
        "@opentelemetry/api": ">=1.0.0 <1.7.0"
      }
    },
    "node_modules/@opentelemetry/propagator-jaeger": {
      "version": "1.17.1",
      "resolved": "https://registry.npmjs.org/@opentelemetry/propagator-jaeger/-/propagator-jaeger-1.17.1.tgz",
      "integrity": "sha512-p+P4lf2pbqd3YMfZO15QCGsDwR2m1ke2q5+dq6YBLa/q0qiC2eq4cD/qhYBBed5/X4PtdamaVGHGsp+u3GXHDA==",
      "dependencies": {
        "@opentelemetry/core": "1.17.1"
      },
      "engines": {
        "node": ">=14"
      },
      "peerDependencies": {
        "@opentelemetry/api": ">=1.0.0 <1.7.0"
      }
    },
    "node_modules/@opentelemetry/resources": {
      "version": "1.17.1",
      "resolved": "https://registry.npmjs.org/@opentelemetry/resources/-/resources-1.17.1.tgz",
      "integrity": "sha512-M2e5emqg5I7qRKqlzKx0ROkcPyF8PbcSaWEdsm72od9txP7Z/Pl8PDYOyu80xWvbHAWk5mDxOF6v3vNdifzclA==",
      "dependencies": {
        "@opentelemetry/core": "1.17.1",
        "@opentelemetry/semantic-conventions": "1.17.1"
      },
      "engines": {
        "node": ">=14"
      },
      "peerDependencies": {
        "@opentelemetry/api": ">=1.0.0 <1.7.0"
      }
    },
    "node_modules/@opentelemetry/sdk-trace-base": {
      "version": "1.17.1",
      "resolved": "https://registry.npmjs.org/@opentelemetry/sdk-trace-base/-/sdk-trace-base-1.17.1.tgz",
      "integrity": "sha512-pfSJJSjZj5jkCJUQZicSpzN8Iz9UKMryPWikZRGObPnJo6cUSoKkjZh6BM3j+D47G4olMBN+YZKYqkFM1L6zNA==",
      "dependencies": {
        "@opentelemetry/core": "1.17.1",
        "@opentelemetry/resources": "1.17.1",
        "@opentelemetry/semantic-conventions": "1.17.1"
      },
      "engines": {
        "node": ">=14"
      },
      "peerDependencies": {
        "@opentelemetry/api": ">=1.0.0 <1.7.0"
      }
    },
    "node_modules/@opentelemetry/sdk-trace-node": {
      "version": "1.17.1",
      "resolved": "https://registry.npmjs.org/@opentelemetry/sdk-trace-node/-/sdk-trace-node-1.17.1.tgz",
      "integrity": "sha512-J56DaG4cusjw5crpI7x9rv4bxDF27DtKYGxXJF56KIvopbNKpdck5ZWXBttEyqgAVPDwHMAXWDL1KchHzF0a3A==",
      "dependencies": {
        "@opentelemetry/context-async-hooks": "1.17.1",
        "@opentelemetry/core": "1.17.1",
        "@opentelemetry/propagator-b3": "1.17.1",
        "@opentelemetry/propagator-jaeger": "1.17.1",
        "@opentelemetry/sdk-trace-base": "1.17.1",
        "semver": "^7.5.2"
      },
      "engines": {
        "node": ">=14"
      },
      "peerDependencies": {
        "@opentelemetry/api": ">=1.0.0 <1.7.0"
      }
    },
    "node_modules/@opentelemetry/semantic-conventions": {
      "version": "1.17.1",
      "resolved": "https://registry.npmjs.org/@opentelemetry/semantic-conventions/-/semantic-conventions-1.17.1.tgz",
      "integrity": "sha512-xbR2U+2YjauIuo42qmE8XyJK6dYeRMLJuOlUP5SO4auET4VtOHOzgkRVOq+Ik18N+Xf3YPcqJs9dZMiDddz1eQ==",
      "engines": {
        "node": ">=14"
      }
    },
    "node_modules/@types/node": {
      "version": "18.6.5",
      "resolved": "https://registry.npmjs.org/@types/node/-/node-18.6.5.tgz",
      "integrity": "sha512-Xjt5ZGUa5WusGZJ4WJPbOT8QOqp6nDynVFRKcUt32bOgvXEoc6o085WNkYTMO7ifAj2isEfQQ2cseE+wT6jsRw==",
      "dev": true
    },
    "node_modules/@types/shimmer": {
      "version": "1.0.3",
      "resolved": "https://registry.npmjs.org/@types/shimmer/-/shimmer-1.0.3.tgz",
      "integrity": "sha512-F/IjUGnV6pIN7R4ZV4npHJVoNtaLZWvb+2/9gctxjb99wkpI7Ozg8VPogwDiTRyjLwZXAYxjvdg1KS8LTHKdDA=="
    },
    "node_modules/acorn": {
      "version": "8.10.0",
      "resolved": "https://registry.npmjs.org/acorn/-/acorn-8.10.0.tgz",
      "integrity": "sha512-F0SAmZ8iUtS//m8DmCTA0jlh6TDKkHQyK6xc6V4KDTyZKA9dnvX9/3sRTVQrWm79glUAZbnmmNcdYwUIHWVybw==",
      "bin": {
        "acorn": "bin/acorn"
      },
      "engines": {
        "node": ">=0.4.0"
      }
    },
    "node_modules/acorn-import-assertions": {
      "version": "1.9.0",
      "resolved": "https://registry.npmjs.org/acorn-import-assertions/-/acorn-import-assertions-1.9.0.tgz",
      "integrity": "sha512-cmMwop9x+8KFhxvKrKfPYmN6/pKTYYHBqLa0DfvVZcKMJWNyWLnaqND7dx/qn66R7ewM1UX5XMaDVP5wlVTaVA==",
      "peerDependencies": {
        "acorn": "^8"
      }
    },
    "node_modules/ansi-color": {
      "version": "0.2.1",
      "resolved": "https://registry.npmjs.org/ansi-color/-/ansi-color-0.2.1.tgz",
      "integrity": "sha512-bF6xLaZBLpOQzgYUtYEhJx090nPSZk1BQ/q2oyBK9aMMcJHzx9uXGCjI2Y+LebsN4Jwoykr0V9whbPiogdyHoQ==",
      "engines": {
        "node": "*"
      }
    },
    "node_modules/bufrw": {
      "version": "1.3.0",
      "resolved": "https://registry.npmjs.org/bufrw/-/bufrw-1.3.0.tgz",
      "integrity": "sha512-jzQnSbdJqhIltU9O5KUiTtljP9ccw2u5ix59McQy4pV2xGhVLhRZIndY8GIrgh5HjXa6+QJ9AQhOd2QWQizJFQ==",
      "dependencies": {
        "ansi-color": "^0.2.1",
        "error": "^7.0.0",
        "hexer": "^1.5.0",
        "xtend": "^4.0.0"
      },
      "engines": {
        "node": ">= 0.10.x"
      }
    },
    "node_modules/cjs-module-lexer": {
      "version": "1.2.3",
      "resolved": "https://registry.npmjs.org/cjs-module-lexer/-/cjs-module-lexer-1.2.3.tgz",
      "integrity": "sha512-0TNiGstbQmCFwt4akjjBg5pLRTSyj/PkWQ1ZoO2zntmg9yLqSRxwEa4iCfQLGjqhiqBfOJa7W/E8wfGrTDmlZQ=="
    },
    "node_modules/debug": {
      "version": "4.3.4",
      "resolved": "https://registry.npmjs.org/debug/-/debug-4.3.4.tgz",
      "integrity": "sha512-PRWFHuSU3eDtQJPvnNY7Jcket1j0t5OuOsFzPPzsekD52Zl8qUfFIPEiswXqIvHWGVHOgX+7G/vCNNhehwxfkQ==",
      "dependencies": {
        "ms": "2.1.2"
      },
      "engines": {
        "node": ">=6.0"
      },
      "peerDependenciesMeta": {
        "supports-color": {
          "optional": true
        }
      }
    },
    "node_modules/error": {
      "version": "7.0.2",
      "resolved": "https://registry.npmjs.org/error/-/error-7.0.2.tgz",
      "integrity": "sha512-UtVv4l5MhijsYUxPJo4390gzfZvAnTHreNnDjnTZaKIiZ/SemXxAhBkYSKtWa5RtBXbLP8tMgn/n0RUa/H7jXw==",
      "dependencies": {
        "string-template": "~0.2.1",
        "xtend": "~4.0.0"
      }
    },
    "node_modules/has": {
      "version": "1.0.4",
      "resolved": "https://registry.npmjs.org/has/-/has-1.0.4.tgz",
      "integrity": "sha512-qdSAmqLF6209RFj4VVItywPMbm3vWylknmB3nvNiUIs72xAimcM8nVYxYr7ncvZq5qzk9MKIZR8ijqD/1QuYjQ==",
      "engines": {
        "node": ">= 0.4.0"
      }
    },
    "node_modules/hexer": {
      "version": "1.5.0",
      "resolved": "https://registry.npmjs.org/hexer/-/hexer-1.5.0.tgz",
      "integrity": "sha512-dyrPC8KzBzUJ19QTIo1gXNqIISRXQ0NwteW6OeQHRN4ZuZeHkdODfj0zHBdOlHbRY8GqbqK57C9oWSvQZizFsg==",
      "dependencies": {
        "ansi-color": "^0.2.1",
        "minimist": "^1.1.0",
        "process": "^0.10.0",
        "xtend": "^4.0.0"
      },
      "bin": {
        "hexer": "cli.js"
      },
      "engines": {
        "node": ">= 0.10.x"
      }
    },
    "node_modules/import-in-the-middle": {
      "version": "1.4.2",
      "resolved": "https://registry.npmjs.org/import-in-the-middle/-/import-in-the-middle-1.4.2.tgz",
      "integrity": "sha512-9WOz1Yh/cvO/p69sxRmhyQwrIGGSp7EIdcb+fFNVi7CzQGQB8U1/1XrKVSbEd/GNOAeM0peJtmi7+qphe7NvAw==",
      "dependencies": {
        "acorn": "^8.8.2",
        "acorn-import-assertions": "^1.9.0",
        "cjs-module-lexer": "^1.2.2",
        "module-details-from-path": "^1.0.3"
      }
    },
    "node_modules/is-core-module": {
      "version": "2.13.0",
      "resolved": "https://registry.npmjs.org/is-core-module/-/is-core-module-2.13.0.tgz",
      "integrity": "sha512-Z7dk6Qo8pOCp3l4tsX2C5ZVas4V+UxwQodwZhLopL91TX8UyyHEXafPcyoeeWuLrwzHcr3igO78wNLwHJHsMCQ==",
      "dependencies": {
        "has": "^1.0.3"
      },
      "funding": {
        "url": "https://github.com/sponsors/ljharb"
      }
    },
    "node_modules/jaeger-client": {
      "version": "3.19.0",
      "resolved": "https://registry.npmjs.org/jaeger-client/-/jaeger-client-3.19.0.tgz",
      "integrity": "sha512-M0c7cKHmdyEUtjemnJyx/y9uX16XHocL46yQvyqDlPdvAcwPDbHrIbKjQdBqtiE4apQ/9dmr+ZLJYYPGnurgpw==",
      "dependencies": {
        "node-int64": "^0.4.0",
        "opentracing": "^0.14.4",
        "thriftrw": "^3.5.0",
        "uuid": "^8.3.2",
        "xorshift": "^1.1.1"
      },
      "engines": {
        "node": ">=10"
      }
    },
    "node_modules/long": {
      "version": "2.4.0",
      "resolved": "https://registry.npmjs.org/long/-/long-2.4.0.tgz",
      "integrity": "sha512-ijUtjmO/n2A5PaosNG9ZGDsQ3vxJg7ZW8vsY8Kp0f2yIZWhSJvjmegV7t+9RPQKxKrvj8yKGehhS+po14hPLGQ==",
      "engines": {
        "node": ">=0.6"
      }
    },
    "node_modules/lru-cache": {
      "version": "6.0.0",
      "resolved": "https://registry.npmjs.org/lru-cache/-/lru-cache-6.0.0.tgz",
      "integrity": "sha512-Jo6dJ04CmSjuznwJSS3pUeWmd/H0ffTlkXXgwZi+eq1UCmqQwCh+eLsYOYCwY991i2Fah4h1BEMCx4qThGbsiA==",
      "dependencies": {
        "yallist": "^4.0.0"
      },
      "engines": {
        "node": ">=10"
      }
    },
    "node_modules/minimist": {
      "version": "1.2.8",
      "resolved": "https://registry.npmjs.org/minimist/-/minimist-1.2.8.tgz",
      "integrity": "sha512-2yyAR8qBkN3YuheJanUpWC5U3bb5osDywNB8RzDVlDwDHbocAJveqqj1u8+SVD7jkWT4yvsHCpWqqWqAxb0zCA==",
      "funding": {
        "url": "https://github.com/sponsors/ljharb"
      }
    },
    "node_modules/module-details-from-path": {
      "version": "1.0.3",
      "resolved": "https://registry.npmjs.org/module-details-from-path/-/module-details-from-path-1.0.3.tgz",
      "integrity": "sha512-ySViT69/76t8VhE1xXHK6Ch4NcDd26gx0MzKXLO+F7NOtnqH68d9zF94nT8ZWSxXh8ELOERsnJO/sWt1xZYw5A=="
    },
    "node_modules/ms": {
      "version": "2.1.2",
      "resolved": "https://registry.npmjs.org/ms/-/ms-2.1.2.tgz",
      "integrity": "sha512-sGkPx+VjMtmA6MX27oA4FBFELFCZZ4S4XqeGOXCv68tT+jb3vk/RyaKWP0PTKyWtmLSM0b+adUTEvbs1PEaH2w=="
    },
    "node_modules/node-int64": {
      "version": "0.4.0",
      "resolved": "https://registry.npmjs.org/node-int64/-/node-int64-0.4.0.tgz",
      "integrity": "sha512-O5lz91xSOeoXP6DulyHfllpq+Eg00MWitZIbtPfoSEvqIHdl5gfcY6hYzDWnj0qD5tz52PI08u9qUvSVeUBeHw=="
    },
    "node_modules/opentracing": {
      "version": "0.14.7",
      "resolved": "https://registry.npmjs.org/opentracing/-/opentracing-0.14.7.tgz",
      "integrity": "sha512-vz9iS7MJ5+Bp1URw8Khvdyw1H/hGvzHWlKQ7eRrQojSCDL1/SrWfrY9QebLw97n2deyRtzHRC3MkQfVNUCo91Q==",
      "engines": {
        "node": ">=0.10"
      }
    },
    "node_modules/path-parse": {
      "version": "1.0.7",
      "resolved": "https://registry.npmjs.org/path-parse/-/path-parse-1.0.7.tgz",
      "integrity": "sha512-LDJzPVEEEPR+y48z93A0Ed0yXb8pAByGWo/k5YYdYgpY2/2EsOsksJrq7lOHxryrVOn1ejG6oAp8ahvOIQD8sw=="
    },
    "node_modules/process": {
      "version": "0.10.1",
      "resolved": "https://registry.npmjs.org/process/-/process-0.10.1.tgz",
      "integrity": "sha512-dyIett8dgGIZ/TXKUzeYExt7WA6ldDzys9vTDU/cCA9L17Ypme+KzS+NjQCjpn9xsvi/shbMC+yP/BcFMBz0NA==",
      "engines": {
        "node": ">= 0.6.0"
      }
    },
    "node_modules/require-in-the-middle": {
      "version": "7.2.0",
      "resolved": "https://registry.npmjs.org/require-in-the-middle/-/require-in-the-middle-7.2.0.tgz",
      "integrity": "sha512-3TLx5TGyAY6AOqLBoXmHkNql0HIf2RGbuMgCDT2WO/uGVAPJs6h7Kl+bN6TIZGd9bWhWPwnDnTHGtW8Iu77sdw==",
      "dependencies": {
        "debug": "^4.1.1",
        "module-details-from-path": "^1.0.3",
        "resolve": "^1.22.1"
      },
      "engines": {
        "node": ">=8.6.0"
      }
    },
    "node_modules/resolve": {
      "version": "1.22.8",
      "resolved": "https://registry.npmjs.org/resolve/-/resolve-1.22.8.tgz",
      "integrity": "sha512-oKWePCxqpd6FlLvGV1VU0x7bkPmmCNolxzjMf4NczoDnQcIWrAF+cPtZn5i6n+RfD2d9i0tzpKnG6Yk168yIyw==",
      "dependencies": {
        "is-core-module": "^2.13.0",
        "path-parse": "^1.0.7",
        "supports-preserve-symlinks-flag": "^1.0.0"
      },
      "bin": {
        "resolve": "bin/resolve"
      },
      "funding": {
        "url": "https://github.com/sponsors/ljharb"
      }
    },
    "node_modules/semver": {
      "version": "7.5.4",
      "resolved": "https://registry.npmjs.org/semver/-/semver-7.5.4.tgz",
      "integrity": "sha512-1bCSESV6Pv+i21Hvpxp3Dx+pSD8lIPt8uVjRrxAUt/nbswYc+tK6Y2btiULjd4+fnq15PX+nqQDC7Oft7WkwcA==",
      "dependencies": {
        "lru-cache": "^6.0.0"
      },
      "bin": {
        "semver": "bin/semver.js"
      },
      "engines": {
        "node": ">=10"
      }
    },
    "node_modules/shimmer": {
      "version": "1.2.1",
      "resolved": "https://registry.npmjs.org/shimmer/-/shimmer-1.2.1.tgz",
      "integrity": "sha512-sQTKC1Re/rM6XyFM6fIAGHRPVGvyXfgzIDvzoq608vM+jeyVD0Tu1E6Np0Kc2zAIFWIj963V2800iF/9LPieQw=="
    },
    "node_modules/string-template": {
      "version": "0.2.1",
      "resolved": "https://registry.npmjs.org/string-template/-/string-template-0.2.1.tgz",
      "integrity": "sha512-Yptehjogou2xm4UJbxJ4CxgZx12HBfeystp0y3x7s4Dj32ltVVG1Gg8YhKjHZkHicuKpZX/ffilA8505VbUbpw=="
    },
    "node_modules/supports-preserve-symlinks-flag": {
      "version": "1.0.0",
      "resolved": "https://registry.npmjs.org/supports-preserve-symlinks-flag/-/supports-preserve-symlinks-flag-1.0.0.tgz",
      "integrity": "sha512-ot0WnXS9fgdkgIcePe6RHNk1WA8+muPa6cSjeR3V8K27q9BB1rTE3R1p7Hv0z1ZyAc8s6Vvv8DIyWf681MAt0w==",
      "engines": {
        "node": ">= 0.4"
      },
      "funding": {
        "url": "https://github.com/sponsors/ljharb"
      }
    },
    "node_modules/thriftrw": {
      "version": "3.11.4",
      "resolved": "https://registry.npmjs.org/thriftrw/-/thriftrw-3.11.4.tgz",
      "integrity": "sha512-UcuBd3eanB3T10nXWRRMwfwoaC6VMk7qe3/5YIWP2Jtw+EbHqJ0p1/K3x8ixiR5dozKSSfcg1W+0e33G1Di3XA==",
      "dependencies": {
        "bufrw": "^1.2.1",
        "error": "7.0.2",
        "long": "^2.4.0"
      },
      "bin": {
        "thrift2json": "thrift2json.js"
      },
      "engines": {
        "node": ">= 0.10.x"
      }
    },
    "node_modules/typescript": {
      "version": "4.4.4",
      "resolved": "https://registry.npmjs.org/typescript/-/typescript-4.4.4.tgz",
      "integrity": "sha512-DqGhF5IKoBl8WNf8C1gu8q0xZSInh9j1kJJMqT3a94w1JzVaBU4EXOSMrz9yDqMT0xt3selp83fuFMQ0uzv6qA==",
      "dev": true,
      "bin": {
        "tsc": "bin/tsc",
        "tsserver": "bin/tsserver"
      },
      "engines": {
        "node": ">=4.2.0"
      }
    },
    "node_modules/uuid": {
      "version": "8.3.2",
      "resolved": "https://registry.npmjs.org/uuid/-/uuid-8.3.2.tgz",
      "integrity": "sha512-+NYs2QeMWy+GWFOEm9xnn6HCDp0l7QBD7ml8zLUmJ+93Q5NF0NocErnwkTkXVFNiX3/fpC6afS8Dhb/gz7R7eg==",
      "bin": {
        "uuid": "dist/bin/uuid"
      }
    },
    "node_modules/xorshift": {
      "version": "1.2.0",
      "resolved": "https://registry.npmjs.org/xorshift/-/xorshift-1.2.0.tgz",
      "integrity": "sha512-iYgNnGyeeJ4t6U11NpA/QiKy+PXn5Aa3Azg5qkwIFz1tBLllQrjjsk9yzD7IAK0naNU4JxdeDgqW9ov4u/hc4g=="
    },
    "node_modules/xtend": {
      "version": "4.0.2",
      "resolved": "https://registry.npmjs.org/xtend/-/xtend-4.0.2.tgz",
      "integrity": "sha512-LKYU1iAXJXUgAXn9URjiu+MWhyUXHsvfp7mcuYm9dSUKK0/CjtrUwFAxD82/mCWbtLsGjFIad0wIsod4zrTAEQ==",
      "engines": {
        "node": ">=0.4"
      }
    },
    "node_modules/yallist": {
      "version": "4.0.0",
      "resolved": "https://registry.npmjs.org/yallist/-/yallist-4.0.0.tgz",
      "integrity": "sha512-3wdGidZyq5PB084XLES5TpOSRA3wjXAlIWMhum2kRcv/41Sn2emQ0dycQW4uZXLejwKvg6EsvbdlVL+FYEct7A=="
    }
  }
}
