{
  "name": "oracledb",
  "lockfileVersion": 3,
  "requires": true,
  "packages": {
    "": {
      "dependencies": {
        "@opentelemetry/exporter-prometheus": "^0.205.0",
        "@opentelemetry/sdk-metrics": "^2.1.0"
      }
    },
    "node_modules/@opentelemetry/api": {
      "version": "1.9.0",
      "license": "Apache-2.0",
      "peer": true,
      "engines": {
        "node": ">=8.0.0"
      }
    },
    "node_modules/@opentelemetry/core": {
      "version": "2.1.0",
      "resolved": "https://artifacthub-phx.oci.oraclecorp.com/api/npm/npmjs-remote/@opentelemetry/core/-/core-2.1.0.tgz",
      "integrity": "sha512-RMEtHsxJs/GiHHxYT58IY57UXAQTuUnZVco6ymDEqTNlJKTimM4qPUPVe8InNFyBjhHBEAx4k3Q8LtNayBsbUQ==",
      "license": "Apache-2.0",
      "dependencies": {
        "@opentelemetry/semantic-conventions": "^1.29.0"
      },
      "engines": {
        "node": "^18.19.0 || >=20.6.0"
      },
      "peerDependencies": {
        "@opentelemetry/api": ">=1.0.0 <1.10.0"
      }
    },
    "node_modules/@opentelemetry/exporter-prometheus": {
      "version": "0.205.0",
      "resolved": "https://artifacthub-phx.oci.oraclecorp.com/api/npm/npmjs-remote/@opentelemetry/exporter-prometheus/-/exporter-prometheus-0.205.0.tgz",
      "integrity": "sha512-xsot/Qm9VLDTag4GEwAunD1XR1U8eBHTLAgO7IZNo2JuD/c/vL7xmDP7mQIUr6Lk3gtj/yGGIR2h3vhTeVzv4w==",
      "license": "Apache-2.0",
      "dependencies": {
        "@opentelemetry/core": "2.1.0",
        "@opentelemetry/resources": "2.1.0",
        "@opentelemetry/sdk-metrics": "2.1.0"
      },
      "engines": {
        "node": "^18.19.0 || >=20.6.0"
      },
      "peerDependencies": {
        "@opentelemetry/api": "^1.3.0"
      }
    },
    "node_modules/@opentelemetry/resources": {
      "version": "2.1.0",
      "resolved": "https://artifacthub-phx.oci.oraclecorp.com/api/npm/npmjs-remote/@opentelemetry/resources/-/resources-2.1.0.tgz",
      "integrity": "sha512-1CJjf3LCvoefUOgegxi8h6r4B/wLSzInyhGP2UmIBYNlo4Qk5CZ73e1eEyWmfXvFtm1ybkmfb2DqWvspsYLrWw==",
      "license": "Apache-2.0",
      "dependencies": {
        "@opentelemetry/core": "2.1.0",
        "@opentelemetry/semantic-conventions": "^1.29.0"
      },
      "engines": {
        "node": "^18.19.0 || >=20.6.0"
      },
      "peerDependencies": {
        "@opentelemetry/api": ">=1.3.0 <1.10.0"
      }
    },
    "node_modules/@opentelemetry/sdk-metrics": {
      "version": "2.1.0",
      "resolved": "https://artifacthub-phx.oci.oraclecorp.com/api/npm/npmjs-remote/@opentelemetry/sdk-metrics/-/sdk-metrics-2.1.0.tgz",
      "integrity": "sha512-J9QX459mzqHLL9Y6FZ4wQPRZG4TOpMCyPOh6mkr/humxE1W2S3Bvf4i75yiMW9uyed2Kf5rxmLhTm/UK8vNkAw==",
      "license": "Apache-2.0",
      "dependencies": {
        "@opentelemetry/core": "2.1.0",
        "@opentelemetry/resources": "2.1.0"
      },
      "engines": {
        "node": "^18.19.0 || >=20.6.0"
      },
      "peerDependencies": {
        "@opentelemetry/api": ">=1.9.0 <1.10.0"
      }
    },
    "node_modules/@opentelemetry/semantic-conventions": {
      "version": "1.37.0",
      "license": "Apache-2.0",
      "engines": {
        "node": ">=14"
      }
    }
  }
}
